{
  "version": "5",
  "specifiers": {
    "jsr:@supabase/supabase-js@2.107.0": "2.107.0"
  },
  "jsr": {
    "@supabase/supabase-js@2.107.0": {
      "integrity": "e28d6ef6e79200417b4838a0051066c44170a1de7cccc8b00a671947b72ba0e3"
    }
  },
  "workspace": {
    "packageJson": {
      "dependencies": [
        "npm:@expo-google-fonts/inter@~0.4.2",
        "npm:@expo/vector-icons@15.1.1",
        "npm:@react-native-async-storage/async-storage@2.2.0",
        "npm:@react-native-community/slider@5.2.0",
        "npm:@sentry/react-native@7.11",
        "npm:@supabase/supabase-js@2.107.0",
        "npm:@testing-library/react-native@^14.0.1",
        "npm:@types/jest@29.5.14",
        "npm:@types/node@^26.1.1",
        "npm:@types/nodemailer@8.0.1",
        "npm:@types/react@19.2.17",
        "npm:babel-plugin-transform-remove-console@^6.9.4",
        "npm:babel-preset-expo@57.0",
        "npm:deno@2.9.3",
        "npm:expo-application@~57.0.2",
        "npm:expo-asset@~57.0.12",
        "npm:expo-dev-client@~57.0.13",
        "npm:expo-device@~57.0.1",
        "npm:expo-font@~57.0.1",
        "npm:expo-haptics@~57.0.1",
        "npm:expo-image-manipulator@~57.0.11",
        "npm:expo-image-picker@~57.0.11",
        "npm:expo-image@~57.0.3",
        "npm:expo-linear-gradient@~57.0.1",
        "npm:expo-linking@~57.0.6",
        "npm:expo-location@~57.0.11",
        "npm:expo-network@~57.0.1",
        "npm:expo-notifications@~57.0.12",
        "npm:expo-secure-store@~57.0.1",
        "npm:expo-splash-screen@~57.0.7",
        "npm:expo-status-bar@~57.0.1",
        "npm:expo@~57.0.14",
        "npm:hono@4.13.3",
        "npm:jest-expo@~57.0.4",
        "npm:jest@29.7",
        "npm:nodemailer@9.0.3",
        "npm:react-native-gesture-handler@2.32",
        "npm:react-native-reanimated@4.5.1",
        "npm:react-native-safe-area-context@5.7",
        "npm:react-native-url-polyfill@3.0.0",
        "npm:react-native-worklets@0.10.1",
        "npm:react-native@0.86.2",
        "npm:react@19.2.3",
        "npm:supabase@2.109.1",
        "npm:typescript@6.0.3",
        "npm:vitest@^4.1.10"
      ],
      "overrides": {
        "uuid": "^11.1.1"
      }
    }
  }
}
